PODS:
  - BigInt (3.0.0):
    - SipHash (~> 1.2)
  - CryptoSwift (0.9.0)
  - FCUUID (1.3.1):
    - UICKeyChainStore (~> 2.1.0)
  - GRKOpenSSLFramework (1.0.2.16)
  - Masonry (1.1.0)
  - PocketSocket (1.0.1):
    - PocketSocket/Client (= 1.0.1)
    - PocketSocket/Core (= 1.0.1)
    - PocketSocket/Server (= 1.0.1)
  - PocketSocket/Client (1.0.1):
    - PocketSocket/Core
  - PocketSocket/Core (1.0.1)
  - PocketSocket/Server (1.0.1):
    - PocketSocket/Client
  - SipHash (1.2.2)
  - Toast (4.0.0)
  - TokenCore (0.1):
    - BigInt (= 3.0.0)
    - CryptoSwift (= 0.9.0)
    - GRKOpenSSLFramework
  - UICKeyChainStore (2.1.2)

DEPENDENCIES:
  - FCUUID
  - Masonry
  - PocketSocket (~> 1.0.1)
  - Toast
  - TokenCore (from `https://github.com/vankiaio/token-core-ios.git`, branch `master`)

SPEC REPOS:
  https://github.com/CocoaPods/Specs.git:
    - BigInt
    - CryptoSwift
    - FCUUID
    - GRKOpenSSLFramework
    - Masonry
    - PocketSocket
    - SipHash
    - Toast
    - UICKeyChainStore

EXTERNAL SOURCES:
  TokenCore:
    :branch: master
    :git: https://github.com/vankiaio/token-core-ios.git

CHECKOUT OPTIONS:
  TokenCore:
    :commit: 62785aa7788f03f8c8047bc68fdb96d209cfb8eb
    :git: https://github.com/vankiaio/token-core-ios.git

SPEC CHECKSUMS:
  BigInt: a7864bcecd2976bced91963baef90079dbdcca25
  CryptoSwift: bca8c5b653dcc2d9734409242a070ff53bafac86
  FCUUID: bb054fc90cd7cd99320f9f6ff8e130fe607fba05
  GRKOpenSSLFramework: 35944e317e6336b2944ad70b059d84db6b2d8532
  Masonry: 678fab65091a9290e40e2832a55e7ab731aad201
  PocketSocket: 9c6867d66fb4f962af96b9b07f4b45bb561b2c2a
  SipHash: fad90a4683e420c52ef28063063dbbce248ea6d4
  Toast: 91b396c56ee72a5790816f40d3a94dd357abc196
  TokenCore: ddbea2578a2b091c8429a9b9671460b5e22a56c4
  UICKeyChainStore: 85db518bb1d294366d15ec9b92a416c4e670518f

PODFILE CHECKSUM: 79ea6b301fd001ebdce548a72a71295fd6b02d90

COCOAPODS: 1.8.4
